
Microsoft Visual Studio Solution File, Format Version 12.00
# Visual Studio 15
Project("{FAE04EC0-301F-11D3-BF4B-00C04F79EFBC}") = "Service_Recommender", "Service_Recommender\Service_Recommender.csproj", "{A07EF3CD-9E7C-4DE4-BD87-3D003C3F9B51}"
EndProject
Global
	GlobalSection(SolutionConfigurationPlatforms) = preSolution
		Debug|Any CPU = Debug|Any CPU
		Release|Any CPU = Release|Any CPU
	EndGlobalSection
	GlobalSection(ProjectConfigurationPlatforms) = postSolution
		{A07EF3CD-9E7C-4DE4-BD87-3D003C3F9B51}.Debug|Any CPU.ActiveCfg = Debug|Any CPU
		{A07EF3CD-9E7C-4DE4-BD87-3D003C3F9B51}.Debug|Any CPU.Build.0 = Debug|Any CPU
		{A07EF3CD-9E7C-4DE4-BD87-3D003C3F9B51}.Release|Any CPU.ActiveCfg = Release|Any CPU
		{A07EF3CD-9E7C-4DE4-BD87-3D003C3F9B51}.Release|Any CPU.Build.0 = Release|Any CPU
	EndGlobalSection
EndGlobal
